
Microsoft Visual Studio Solution File, Format Version 12.00
# Visual Studio Version 16
VisualStudioVersion = 16.0.31613.86
MinimumVisualStudioVersion = 10.0.40219.1
Project("{FAE04EC0-301F-11D3-BF4B-00C04F79EFBC}") = "SoundCheck", "SoundCheck.csproj", "{65196820-223C-4754-90DF-CD2996ED9A8C}"
	ProjectSection(ProjectDependencies) = postProject
		{A527437B-DF42-485D-B64E-90BB4D1DE040} = {A527437B-DF42-485D-B64E-90BB4D1DE040}
	EndProjectSection
EndProject
Project("{8BC9CEB8-8B4A-11D0-8D11-00A0C91BC942}") = "ssc_core", "..\ssc_core\ssc_core.vcxproj", "{A527437B-DF42-485D-B64E-90BB4D1DE040}"
EndProject
Global
	GlobalSection(SolutionConfigurationPlatforms) = preSolution
		Debug|Any CPU = Debug|Any CPU
		Debug|x64 = Debug|x64
		Debug|x86 = Debug|x86
		Release|Any CPU = Release|Any CPU
		Release|x64 = Release|x64
		Release|x86 = Release|x86
	EndGlobalSection
	GlobalSection(ProjectConfigurationPlatforms) = postSolution
		{65196820-223C-4754-90DF-CD2996ED9A8C}.Debug|Any CPU.ActiveCfg = Debug|Any CPU
		{65196820-223C-4754-90DF-CD2996ED9A8C}.Debug|Any CPU.Build.0 = Debug|Any CPU
		{65196820-223C-4754-90DF-CD2996ED9A8C}.Debug|x64.ActiveCfg = Debug|Any CPU
		{65196820-223C-4754-90DF-CD2996ED9A8C}.Debug|x64.Build.0 = Debug|Any CPU
		{65196820-223C-4754-90DF-CD2996ED9A8C}.Debug|x86.ActiveCfg = Debug|Any CPU
		{65196820-223C-4754-90DF-CD2996ED9A8C}.Debug|x86.Build.0 = Debug|Any CPU
		{65196820-223C-4754-90DF-CD2996ED9A8C}.Release|Any CPU.ActiveCfg = Release|Any CPU
		{65196820-223C-4754-90DF-CD2996ED9A8C}.Release|Any CPU.Build.0 = Release|Any CPU
		{65196820-223C-4754-90DF-CD2996ED9A8C}.Release|x64.ActiveCfg = Release|Any CPU
		{65196820-223C-4754-90DF-CD2996ED9A8C}.Release|x64.Build.0 = Release|Any CPU
		{65196820-223C-4754-90DF-CD2996ED9A8C}.Release|x86.ActiveCfg = Release|Any CPU
		{65196820-223C-4754-90DF-CD2996ED9A8C}.Release|x86.Build.0 = Release|Any CPU
		{A527437B-DF42-485D-B64E-90BB4D1DE040}.Debug|Any CPU.ActiveCfg = Debug|Win32
		{A527437B-DF42-485D-B64E-90BB4D1DE040}.Debug|x64.ActiveCfg = Debug|x64
		{A527437B-DF42-485D-B64E-90BB4D1DE040}.Debug|x64.Build.0 = Debug|x64
		{A527437B-DF42-485D-B64E-90BB4D1DE040}.Debug|x86.ActiveCfg = Debug|Win32
		{A527437B-DF42-485D-B64E-90BB4D1DE040}.Debug|x86.Build.0 = Debug|Win32
		{A527437B-DF42-485D-B64E-90BB4D1DE040}.Release|Any CPU.ActiveCfg = Release|Win32
		{A527437B-DF42-485D-B64E-90BB4D1DE040}.Release|x64.ActiveCfg = Release|x64
		{A527437B-DF42-485D-B64E-90BB4D1DE040}.Release|x64.Build.0 = Release|x64
		{A527437B-DF42-485D-B64E-90BB4D1DE040}.Release|x86.ActiveCfg = Release|Win32
		{A527437B-DF42-485D-B64E-90BB4D1DE040}.Release|x86.Build.0 = Release|Win32
	EndGlobalSection
	GlobalSection(SolutionProperties) = preSolution
		HideSolutionNode = FALSE
	EndGlobalSection
	GlobalSection(ExtensibilityGlobals) = postSolution
		SolutionGuid = {7C60A603-F3BD-4CF3-BEDD-96B3568FA2D6}
	EndGlobalSection
EndGlobal
